# This file was autogenerated by Stack.
# You should not edit this file by hand.
# For more information, please see the documentation at:
#   https://docs.haskellstack.org/en/stable/lock_files

packages:
- completed:
    hackage: Z-Data-0.7.0.0@sha256:e3d99a183d194b1fe30edb8dacaa6c3d06137e854dd206f807ae29845581fefb,10563
    pantry-tree:
      size: 11081
      sha256: 44b21ab24adb852ecc7be638e8c359993d36224c21962f56a6e84ceee877ce70
  original:
    hackage: Z-Data-0.7.0.0@sha256:e3d99a183d194b1fe30edb8dacaa6c3d06137e854dd206f807ae29845581fefb,10563
snapshots:
- completed:
    size: 565266
    url: https://raw.githubusercontent.com/commercialhaskell/stackage-snapshots/master/lts/17/5.yaml
    sha256: 78e8ebabf11406261abbc95b44f240acf71802630b368888f6d758de7fc3a2f7
  original: lts-17.5
